{
  "name": "io-ts-decode",
  "version": "1.0.4",
  "lockfileVersion": 1,
  "requires": true,
  "dependencies": {
    "@types/node": {
      "version": "13.7.0",
      "resolved": "https://registry.npmjs.org/@types/node/-/node-13.7.0.tgz",
      "integrity": "sha512-GnZbirvmqZUzMgkFn70c74OQpTTUcCzlhQliTzYjQMqg+hVKcDnxdL19Ne3UdYzdMA/+W3eb646FWn/ZaT1NfQ==",
      "dev": true
    },
    "fp-ts": {
      "version": "2.4.4",
      "resolved": "https://registry.npmjs.org/fp-ts/-/fp-ts-2.4.4.tgz",
      "integrity": "sha512-J5wFa/BzT57A+DIvwAYS5LTsbRiXsvF9hsefP3ZfzsHLuWGjtHAheG1WscG1tX3og1PDZyv6mZAUTlpH1MmHhA==",
      "dev": true
    },
    "io-ts": {
      "version": "2.1.0",
      "resolved": "https://registry.npmjs.org/io-ts/-/io-ts-2.1.0.tgz",
      "integrity": "sha512-GnTYtJRVu8L9QEhJrkJBaVr6aR13IBH+MEIeq0WW0IE1zIk9XzMNqqf220p8InJGYwuoHNTVsHDvBQzFIp4ieg==",
      "dev": true
    },
    "to-error": {
      "version": "1.0.2",
      "resolved": "https://registry.npmjs.org/to-error/-/to-error-1.0.2.tgz",
      "integrity": "sha512-KXRl8aTntjMSD840MmbL9poDuwOsqsoPVCbJmwGvfBwB1USVxV+1nrN1U+Z+bg1Wg/RFIyV0pCHloWy7eTjOXg=="
    },
    "typescript": {
      "version": "3.7.5",
      "resolved": "https://registry.npmjs.org/typescript/-/typescript-3.7.5.tgz",
      "integrity": "sha512-/P5lkRXkWHNAbcJIiHPfRoKqyd7bsyCma1hZNUGfn20qm64T6ZBlrzprymeu918H+mB/0rIg2gGK/BXkhhYgBw==",
      "dev": true
    }
  }
}
